
Microsoft Visual Studio Solution File, Format Version 12.00
# Visual Studio Version 17
VisualStudioVersion = 17.5.002.0
MinimumVisualStudioVersion = 10.0.40219.1
Project("{9A19103F-16F7-4668-BE54-9A1E7A4F7556}") = "API", "API.csproj", "{E210051F-74FE-4C7F-86A5-B4ACC9641EE8}"
EndProject
Global
	GlobalSection(SolutionConfigurationPlatforms) = preSolution
		Debug|Any CPU = Debug|Any CPU
		Release|Any CPU = Release|Any CPU
	EndGlobalSection
	GlobalSection(ProjectConfigurationPlatforms) = postSolution
		{E210051F-74FE-4C7F-86A5-B4ACC9641EE8}.Debug|Any CPU.ActiveCfg = Debug|Any CPU
		{E210051F-74FE-4C7F-86A5-B4ACC9641EE8}.Debug|Any CPU.Build.0 = Debug|Any CPU
		{E210051F-74FE-4C7F-86A5-B4ACC9641EE8}.Release|Any CPU.ActiveCfg = Release|Any CPU
		{E210051F-74FE-4C7F-86A5-B4ACC9641EE8}.Release|Any CPU.Build.0 = Release|Any CPU
	EndGlobalSection
	GlobalSection(SolutionProperties) = preSolution
		HideSolutionNode = FALSE
	EndGlobalSection
	GlobalSection(ExtensibilityGlobals) = postSolution
		SolutionGuid = {349265CA-CD7A-4596-B305-FF9808B4F512}
	EndGlobalSection
EndGlobal
